# generated by rye
# use `rye lock` or `rye sync` to update this lockfile
#
# last locked with the following flags:
#   pre: false
#   features: []
#   all-features: false
#   with-sources: false
#   generate-hashes: false
#   universal: false

-e file:.
anyio==4.4.0
    # via httpx
astor==0.8.1
    # via paddlepaddle
attrs==24.2.0
    # via pdf-annotate
beautifulsoup4==4.12.3
    # via paddleocr
certifi==2024.7.4
    # via httpcore
    # via httpx
    # via requests
cffi==1.17.0
    # via cryptography
charset-normalizer==3.3.2
    # via pdfminer-six
    # via requests
colorama==0.4.6
    # via loguru
    # via tqdm
contourpy==1.3.0
    # via matplotlib
cryptography==43.0.0
    # via pdfminer-six
cycler==0.12.1
    # via matplotlib
cython==3.0.11
    # via paddleocr
decorator==5.1.1
    # via paddlepaddle
fire==0.6.0
    # via paddleocr
fonttools==4.53.1
    # via matplotlib
    # via paddleocr
    # via pdf-annotate
h11==0.14.0
    # via httpcore
httpcore==1.0.5
    # via httpx
httpx==0.27.2
    # via paddlepaddle
idna==3.8
    # via anyio
    # via httpx
    # via requests
imageio==2.35.1
    # via imgaug
    # via scikit-image
imgaug==0.4.0
    # via paddleocr
iopath==0.1.10
    # via layoutparser
kiwisolver==1.4.5
    # via matplotlib
layoutparser==0.3.4
    # via paddlepulverizer
lazy-loader==0.4
    # via scikit-image
lmdb==1.5.1
    # via paddleocr
loguru==0.7.2
    # via paddlepulverizer
lxml==5.3.0
    # via python-docx
matplotlib==3.9.2
    # via imgaug
networkx==3.3
    # via scikit-image
numpy==1.26.4
    # via contourpy
    # via imageio
    # via imgaug
    # via layoutparser
    # via matplotlib
    # via opencv-contrib-python
    # via opencv-python
    # via opt-einsum
    # via paddleocr
    # via paddlepaddle
    # via pandas
    # via scikit-image
    # via scipy
    # via shapely
    # via tifffile
opencv-contrib-python==4.10.0.84
    # via paddleocr
opencv-python==4.10.0.84
    # via imgaug
    # via layoutparser
    # via paddleocr
opt-einsum==3.3.0
    # via paddlepaddle
packaging==24.1
    # via lazy-loader
    # via matplotlib
    # via pytesseract
    # via scikit-image
paddleocr==2.8.1
    # via paddlepulverizer
paddlepaddle==2.6.1
    # via paddlepulverizer
pandas==2.2.2
    # via layoutparser
pdf-annotate==0.12.0
    # via paddlepulverizer
pdf2image==1.17.0
    # via layoutparser
pdfminer-six==20231228
    # via pdfplumber
pdfplumber==0.11.4
    # via layoutparser
pdfrw==0.4
    # via pdf-annotate
pillow==10.4.0
    # via imageio
    # via imgaug
    # via layoutparser
    # via matplotlib
    # via paddleocr
    # via paddlepaddle
    # via pdf-annotate
    # via pdf2image
    # via pdfplumber
    # via pytesseract
    # via scikit-image
portalocker==2.10.1
    # via iopath
protobuf==3.20.2
    # via paddlepaddle
pyclipper==1.3.0.post5
    # via paddleocr
pycparser==2.22
    # via cffi
pyparsing==3.1.4
    # via matplotlib
pypdf4==1.27.0
    # via paddlepulverizer
pypdfium2==4.30.0
    # via pdfplumber
pytesseract==0.3.13
    # via paddlepulverizer
python-dateutil==2.9.0.post0
    # via matplotlib
    # via pandas
python-docx==1.1.2
    # via paddleocr
pytz==2024.1
    # via pandas
pywin32==306
    # via portalocker
pyyaml==6.0.2
    # via layoutparser
    # via paddleocr
rapidfuzz==3.9.6
    # via paddleocr
requests==2.32.3
    # via paddleocr
scikit-image==0.24.0
    # via imgaug
    # via paddleocr
scipy==1.14.1
    # via imgaug
    # via layoutparser
    # via scikit-image
shapely==2.0.6
    # via imgaug
    # via paddleocr
six==1.16.0
    # via fire
    # via imgaug
    # via python-dateutil
sniffio==1.3.1
    # via anyio
    # via httpx
soupsieve==2.6
    # via beautifulsoup4
termcolor==2.4.0
    # via fire
tifffile==2024.8.28
    # via scikit-image
tqdm==4.66.5
    # via iopath
    # via paddleocr
typing-extensions==4.12.2
    # via iopath
    # via python-docx
tzdata==2024.1
    # via pandas
urllib3==2.2.2
    # via requests
win32-setctime==1.1.0
    # via loguru
